
Microsoft Visual Studio Solution File, Format Version 12.00
# Visual Studio Version 17
VisualStudioVersion = 17.14.36518.9 d17.14
MinimumVisualStudioVersion = 10.0.40219.1
Project("{FAE04EC0-301F-11D3-BF4B-00C04F79EFBC}") = "HW2", "HW2\HW2.csproj", "{565AA95E-70B0-4E6E-8632-36B6DB96F4F4}"
EndProject
Global
	GlobalSection(SolutionConfigurationPlatforms) = preSolution
		Debug|Any CPU = Debug|Any CPU
		Release|Any CPU = Release|Any CPU
	EndGlobalSection
	GlobalSection(ProjectConfigurationPlatforms) = postSolution
		{565AA95E-70B0-4E6E-8632-36B6DB96F4F4}.Debug|Any CPU.ActiveCfg = Debug|Any CPU
		{565AA95E-70B0-4E6E-8632-36B6DB96F4F4}.Debug|Any CPU.Build.0 = Debug|Any CPU
		{565AA95E-70B0-4E6E-8632-36B6DB96F4F4}.Release|Any CPU.ActiveCfg = Release|Any CPU
		{565AA95E-70B0-4E6E-8632-36B6DB96F4F4}.Release|Any CPU.Build.0 = Release|Any CPU
	EndGlobalSection
	GlobalSection(SolutionProperties) = preSolution
		HideSolutionNode = FALSE
	EndGlobalSection
	GlobalSection(ExtensibilityGlobals) = postSolution
		SolutionGuid = {70A4062E-21C5-465B-B787-76C0978D5807}
	EndGlobalSection
EndGlobal
